{
  "name": "ngx-urql",
  "version": "0.0.1",
  "lockfileVersion": 1,
  "requires": true,
  "dependencies": {
    "@urql/core": {
      "version": "1.11.8",
      "resolved": "https://registry.npmjs.org/@urql/core/-/core-1.11.8.tgz",
      "integrity": "sha512-lBlCjw3sLlblGIzRVg583IdsONUIt04f/LHI0oiEgNlPViZcRR3B31LCKyOChba/klIqSaDivaqCfzg5wyTPoQ==",
      "requires": {
        "wonka": "^4.0.10"
      }
    },
    "tslib": {
      "version": "1.13.0",
      "resolved": "https://registry.npmjs.org/tslib/-/tslib-1.13.0.tgz",
      "integrity": "sha512-i/6DQjL8Xf3be4K/E6Wgpekn5Qasl1usyw++dAA35Ue5orEn65VIxOA+YvNNl9HV3qv70T7CNwjODHZrLwvd1Q=="
    },
    "wonka": {
      "version": "4.0.13",
      "resolved": "https://registry.npmjs.org/wonka/-/wonka-4.0.13.tgz",
      "integrity": "sha512-aWg92IVvbP/kp+q9rw+k/Uw3C/S2J0dTDNhEhivGVH3GXJZgpFk2nuyVtiS7Y1d0UG3m4jvOrR7bPXim6D/TBg=="
    }
  }
}
