# THIS IS AN AUTOGENERATED FILE. DO NOT EDIT THIS FILE DIRECTLY.
# yarn lockfile v1


"@urql/core@^1.11.6":
  version "1.11.8"
  resolved "https://registry.yarnpkg.com/@urql/core/-/core-1.11.8.tgz#6a3186ac84d6b08752585f42e8ec81539338d7a9"
  integrity sha512-lBlCjw3sLlblGIzRVg583IdsONUIt04f/LHI0oiEgNlPViZcRR3B31LCKyOChba/klIqSaDivaqCfzg5wyTPoQ==
  dependencies:
    wonka "^4.0.10"

tslib@^1.10.0:
  version "1.13.0"
  resolved "https://registry.yarnpkg.com/tslib/-/tslib-1.13.0.tgz#c881e13cc7015894ed914862d276436fa9a47043"
  integrity sha512-i/6DQjL8Xf3be4K/E6Wgpekn5Qasl1usyw++dAA35Ue5orEn65VIxOA+YvNNl9HV3qv70T7CNwjODHZrLwvd1Q==

wonka@^4.0.10:
  version "4.0.13"
  resolved "https://registry.yarnpkg.com/wonka/-/wonka-4.0.13.tgz#8d188160bd5742870c78ede7a4eba686d089a33f"
  integrity sha512-aWg92IVvbP/kp+q9rw+k/Uw3C/S2J0dTDNhEhivGVH3GXJZgpFk2nuyVtiS7Y1d0UG3m4jvOrR7bPXim6D/TBg==
